
Microsoft Visual Studio Solution File, Format Version 11.00
# Visual Studio 2010
Project("{8BC9CEB8-8B4A-11D0-8D11-00A0C91BC942}") = "iLorrie", "iLorrie\iLorrie.vcxproj", "{9DA6B969-42EB-47D0-8D94-73CD1EC02E89}"
	ProjectSection(ProjectDependencies) = postProject
		{0DE6C75F-B17B-4921-8D25-7625ED5B561E} = {0DE6C75F-B17B-4921-8D25-7625ED5B561E}
		{B895E999-70D1-4695-AF3D-FF000C61A843} = {B895E999-70D1-4695-AF3D-FF000C61A843}
		{A48438BB-3933-4BFF-803E-8B82A567CE05} = {A48438BB-3933-4BFF-803E-8B82A567CE05}
		{34BD04BD-BC1D-4BFC-AAFC-ED02D9E960F1} = {34BD04BD-BC1D-4BFC-AAFC-ED02D9E960F1}
	EndProjectSection
EndProject
Project("{8BC9CEB8-8B4A-11D0-8D11-00A0C91BC942}") = "ConfigReaderLib", "ConfigReaderLib\ConfigReaderLib.vcxproj", "{A48438BB-3933-4BFF-803E-8B82A567CE05}"
	ProjectSection(ProjectDependencies) = postProject
		{B895E999-70D1-4695-AF3D-FF000C61A843} = {B895E999-70D1-4695-AF3D-FF000C61A843}
	EndProjectSection
EndProject
Project("{8BC9CEB8-8B4A-11D0-8D11-00A0C91BC942}") = "DBserverLib", "DBserverLib\DBserverLib.vcxproj", "{0DE6C75F-B17B-4921-8D25-7625ED5B561E}"
	ProjectSection(ProjectDependencies) = postProject
		{B895E999-70D1-4695-AF3D-FF000C61A843} = {B895E999-70D1-4695-AF3D-FF000C61A843}
	EndProjectSection
EndProject
Project("{8BC9CEB8-8B4A-11D0-8D11-00A0C91BC942}") = "RecordInfoLib", "RecordInfoLib\RecordInfoLib.vcxproj", "{B895E999-70D1-4695-AF3D-FF000C61A843}"
EndProject
Project("{8BC9CEB8-8B4A-11D0-8D11-00A0C91BC942}") = "TestProject", "TestProject\TestProject.vcxproj", "{38955E46-8F79-4A07-9261-BFB61E650D03}"
EndProject
Project("{8BC9CEB8-8B4A-11D0-8D11-00A0C91BC942}") = "GlogLib", "GlogLib\vsprojects\libglog\libglog.vcxproj", "{34BD04BD-BC1D-4BFC-AAFC-ED02D9E960F1}"
EndProject
Global
	GlobalSection(SolutionConfigurationPlatforms) = preSolution
		Debug|Win32 = Debug|Win32
		Release|Win32 = Release|Win32
	EndGlobalSection
	GlobalSection(ProjectConfigurationPlatforms) = postSolution
		{9DA6B969-42EB-47D0-8D94-73CD1EC02E89}.Debug|Win32.ActiveCfg = Debug|Win32
		{9DA6B969-42EB-47D0-8D94-73CD1EC02E89}.Debug|Win32.Build.0 = Debug|Win32
		{9DA6B969-42EB-47D0-8D94-73CD1EC02E89}.Release|Win32.ActiveCfg = Release|Win32
		{9DA6B969-42EB-47D0-8D94-73CD1EC02E89}.Release|Win32.Build.0 = Release|Win32
		{A48438BB-3933-4BFF-803E-8B82A567CE05}.Debug|Win32.ActiveCfg = Debug|Win32
		{A48438BB-3933-4BFF-803E-8B82A567CE05}.Debug|Win32.Build.0 = Debug|Win32
		{A48438BB-3933-4BFF-803E-8B82A567CE05}.Release|Win32.ActiveCfg = Release|Win32
		{A48438BB-3933-4BFF-803E-8B82A567CE05}.Release|Win32.Build.0 = Release|Win32
		{0DE6C75F-B17B-4921-8D25-7625ED5B561E}.Debug|Win32.ActiveCfg = Debug|Win32
		{0DE6C75F-B17B-4921-8D25-7625ED5B561E}.Debug|Win32.Build.0 = Debug|Win32
		{0DE6C75F-B17B-4921-8D25-7625ED5B561E}.Release|Win32.ActiveCfg = Release|Win32
		{0DE6C75F-B17B-4921-8D25-7625ED5B561E}.Release|Win32.Build.0 = Release|Win32
		{B895E999-70D1-4695-AF3D-FF000C61A843}.Debug|Win32.ActiveCfg = Debug|Win32
		{B895E999-70D1-4695-AF3D-FF000C61A843}.Debug|Win32.Build.0 = Debug|Win32
		{B895E999-70D1-4695-AF3D-FF000C61A843}.Release|Win32.ActiveCfg = Release|Win32
		{B895E999-70D1-4695-AF3D-FF000C61A843}.Release|Win32.Build.0 = Release|Win32
		{38955E46-8F79-4A07-9261-BFB61E650D03}.Debug|Win32.ActiveCfg = Debug|Win32
		{38955E46-8F79-4A07-9261-BFB61E650D03}.Debug|Win32.Build.0 = Debug|Win32
		{38955E46-8F79-4A07-9261-BFB61E650D03}.Release|Win32.ActiveCfg = Release|Win32
		{38955E46-8F79-4A07-9261-BFB61E650D03}.Release|Win32.Build.0 = Release|Win32
		{34BD04BD-BC1D-4BFC-AAFC-ED02D9E960F1}.Debug|Win32.ActiveCfg = Debug|Win32
		{34BD04BD-BC1D-4BFC-AAFC-ED02D9E960F1}.Debug|Win32.Build.0 = Debug|Win32
		{34BD04BD-BC1D-4BFC-AAFC-ED02D9E960F1}.Release|Win32.ActiveCfg = Release|Win32
		{34BD04BD-BC1D-4BFC-AAFC-ED02D9E960F1}.Release|Win32.Build.0 = Release|Win32
	EndGlobalSection
	GlobalSection(SolutionProperties) = preSolution
		HideSolutionNode = FALSE
	EndGlobalSection
EndGlobal
